// !$*UTF8*$!
{
	archiveVersion = 1;
	classes = {
	};
	objectVersion = 56;
	objects = {

/* Begin PBXBuildFile section */
		3C005A6A2C4FD4A200E38A3C /* SignUpVC.swift in Sources */ = {isa = PBXBuildFile; fileRef = 3C005A692C4FD4A200E38A3C /* SignUpVC.swift */; };
		3C35F8CB2C6575B900522261 /* Api.swift in Sources */ = {isa = PBXBuildFile; fileRef = 3C35F8CA2C6575B900522261 /* Api.swift */; };
		3C35F8CD2C6575E300522261 /* UserApi.swift in Sources */ = {isa = PBXBuildFile; fileRef = 3C35F8CC2C6575E300522261 /* UserApi.swift */; };
		3C35F8CF2C657E8200522261 /* StorageService.swift in Sources */ = {isa = PBXBuildFile; fileRef = 3C35F8CE2C657E8200522261 /* StorageService.swift */; };
		3C7BDB402C4E5EB100082AD8 /* AppDelegate.swift in Sources */ = {isa = PBXBuildFile; fileRef = 3C7BDB3F2C4E5EB100082AD8 /* AppDelegate.swift */; };
		3C7BDB422C4E5EB100082AD8 /* SceneDelegate.swift in Sources */ = {isa = PBXBuildFile; fileRef = 3C7BDB412C4E5EB100082AD8 /* SceneDelegate.swift */; };
		3C7BDB442C4E5EB100082AD8 /* RegistrationVC.swift in Sources */ = {isa = PBXBuildFile; fileRef = 3C7BDB432C4E5EB100082AD8 /* RegistrationVC.swift */; };
		3C7BDB472C4E5EB100082AD8 /* Main.storyboard in Resources */ = {isa = PBXBuildFile; fileRef = 3C7BDB452C4E5EB100082AD8 /* Main.storyboard */; };
		3C7BDB492C4E5EB300082AD8 /* Assets.xcassets in Resources */ = {isa = PBXBuildFile; fileRef = 3C7BDB482C4E5EB300082AD8 /* Assets.xcassets */; };
		3C7BDB4C2C4E5EB300082AD8 /* LaunchScreen.storyboard in Resources */ = {isa = PBXBuildFile; fileRef = 3C7BDB4A2C4E5EB300082AD8 /* LaunchScreen.storyboard */; };
		3C93E7C92C56EE1F005CE406 /* GoogleService-Info.plist in Resources */ = {isa = PBXBuildFile; fileRef = 3C93E7C82C56EE1F005CE406 /* GoogleService-Info.plist */; };
		3C93E7CC2C56F038005CE406 /* FirebaseAnalytics in Frameworks */ = {isa = PBXBuildFile; productRef = 3C93E7CB2C56F038005CE406 /* FirebaseAnalytics */; };
		3C93E7CE2C56F038005CE406 /* FirebaseAnalyticsOnDeviceConversion in Frameworks */ = {isa = PBXBuildFile; productRef = 3C93E7CD2C56F038005CE406 /* FirebaseAnalyticsOnDeviceConversion */; };
		3C93E7D02C56F038005CE406 /* FirebaseAnalyticsSwift in Frameworks */ = {isa = PBXBuildFile; productRef = 3C93E7CF2C56F038005CE406 /* FirebaseAnalyticsSwift */; };
		3C93E7D22C56F038005CE406 /* FirebaseAnalyticsWithoutAdIdSupport in Frameworks */ = {isa = PBXBuildFile; productRef = 3C93E7D12C56F038005CE406 /* FirebaseAnalyticsWithoutAdIdSupport */; };
		3C93E7D42C56F038005CE406 /* FirebaseAppCheck in Frameworks */ = {isa = PBXBuildFile; productRef = 3C93E7D32C56F038005CE406 /* FirebaseAppCheck */; };
		3C93E7D62C56F038005CE406 /* FirebaseAppDistribution-Beta in Frameworks */ = {isa = PBXBuildFile; productRef = 3C93E7D52C56F038005CE406 /* FirebaseAppDistribution-Beta */; };
		3C93E7D82C56F038005CE406 /* FirebaseAuth in Frameworks */ = {isa = PBXBuildFile; productRef = 3C93E7D72C56F038005CE406 /* FirebaseAuth */; };
		3C93E7DA2C56F038005CE406 /* FirebaseAuthCombine-Community in Frameworks */ = {isa = PBXBuildFile; productRef = 3C93E7D92C56F038005CE406 /* FirebaseAuthCombine-Community */; };
		3C93E7DC2C56F038005CE406 /* FirebaseCrashlytics in Frameworks */ = {isa = PBXBuildFile; productRef = 3C93E7DB2C56F038005CE406 /* FirebaseCrashlytics */; };
		3C93E7DE2C56F038005CE406 /* FirebaseDatabase in Frameworks */ = {isa = PBXBuildFile; productRef = 3C93E7DD2C56F038005CE406 /* FirebaseDatabase */; };
		3C93E7E02C56F038005CE406 /* FirebaseDatabaseSwift in Frameworks */ = {isa = PBXBuildFile; productRef = 3C93E7DF2C56F038005CE406 /* FirebaseDatabaseSwift */; };
		3C93E7E22C56F038005CE406 /* FirebaseDynamicLinks in Frameworks */ = {isa = PBXBuildFile; productRef = 3C93E7E12C56F038005CE406 /* FirebaseDynamicLinks */; };
		3C93E7E42C56F038005CE406 /* FirebaseFirestore in Frameworks */ = {isa = PBXBuildFile; productRef = 3C93E7E32C56F038005CE406 /* FirebaseFirestore */; };
		3C93E7E62C56F038005CE406 /* FirebaseFirestoreCombine-Community in Frameworks */ = {isa = PBXBuildFile; productRef = 3C93E7E52C56F038005CE406 /* FirebaseFirestoreCombine-Community */; };
		3C93E7E82C56F038005CE406 /* FirebaseFirestoreSwift in Frameworks */ = {isa = PBXBuildFile; productRef = 3C93E7E72C56F038005CE406 /* FirebaseFirestoreSwift */; };
		3C93E7EA2C56F038005CE406 /* FirebaseFunctions in Frameworks */ = {isa = PBXBuildFile; productRef = 3C93E7E92C56F038005CE406 /* FirebaseFunctions */; };
		3C93E7EC2C56F038005CE406 /* FirebaseFunctionsCombine-Community in Frameworks */ = {isa = PBXBuildFile; productRef = 3C93E7EB2C56F038005CE406 /* FirebaseFunctionsCombine-Community */; };
		3C93E7EE2C56F038005CE406 /* FirebaseInAppMessaging-Beta in Frameworks */ = {isa = PBXBuildFile; productRef = 3C93E7ED2C56F038005CE406 /* FirebaseInAppMessaging-Beta */; };
		3C93E7F02C56F038005CE406 /* FirebaseInAppMessagingSwift-Beta in Frameworks */ = {isa = PBXBuildFile; productRef = 3C93E7EF2C56F038005CE406 /* FirebaseInAppMessagingSwift-Beta */; };
		3C93E7F22C56F038005CE406 /* FirebaseInstallations in Frameworks */ = {isa = PBXBuildFile; productRef = 3C93E7F12C56F038005CE406 /* FirebaseInstallations */; };
		3C93E7F42C56F038005CE406 /* FirebaseMLModelDownloader in Frameworks */ = {isa = PBXBuildFile; productRef = 3C93E7F32C56F038005CE406 /* FirebaseMLModelDownloader */; };
		3C93E7F62C56F038005CE406 /* FirebaseMessaging in Frameworks */ = {isa = PBXBuildFile; productRef = 3C93E7F52C56F038005CE406 /* FirebaseMessaging */; };
		3C93E7F82C56F038005CE406 /* FirebasePerformance in Frameworks */ = {isa = PBXBuildFile; productRef = 3C93E7F72C56F038005CE406 /* FirebasePerformance */; };
		3C93E7FA2C56F038005CE406 /* FirebaseRemoteConfig in Frameworks */ = {isa = PBXBuildFile; productRef = 3C93E7F92C56F038005CE406 /* FirebaseRemoteConfig */; };
		3C93E7FC2C56F038005CE406 /* FirebaseRemoteConfigSwift in Frameworks */ = {isa = PBXBuildFile; productRef = 3C93E7FB2C56F038005CE406 /* FirebaseRemoteConfigSwift */; };
		3C93E7FE2C56F038005CE406 /* FirebaseStorage in Frameworks */ = {isa = PBXBuildFile; productRef = 3C93E7FD2C56F038005CE406 /* FirebaseStorage */; };
		3C93E8002C56F038005CE406 /* FirebaseStorageCombine-Community in Frameworks */ = {isa = PBXBuildFile; productRef = 3C93E7FF2C56F038005CE406 /* FirebaseStorageCombine-Community */; };
		3C93E8022C56F038005CE406 /* FirebaseVertexAI-Preview in Frameworks */ = {isa = PBXBuildFile; productRef = 3C93E8012C56F038005CE406 /* FirebaseVertexAI-Preview */; };
		3C9A13F52C51958300DDDB69 /* SignInVC.swift in Sources */ = {isa = PBXBuildFile; fileRef = 3C9A13F42C51958300DDDB69 /* SignInVC.swift */; };
		3CD741642C721EF400B0AB38 /* Videos.swift in Sources */ = {isa = PBXBuildFile; fileRef = 3CD741632C721EF400B0AB38 /* Videos.swift */; };
		3CDF30072C6A7DC80036A26E /* Reference.swift in Sources */ = {isa = PBXBuildFile; fileRef = 3CDF30062C6A7DC80036A26E /* Reference.swift */; };
		3CDF30092C6A7F260036A26E /* ProfileVC.swift in Sources */ = {isa = PBXBuildFile; fileRef = 3CDF30082C6A7F260036A26E /* ProfileVC.swift */; };
		3CDF300B2C6A8FA00036A26E /* ContentVC.swift in Sources */ = {isa = PBXBuildFile; fileRef = 3CDF300A2C6A8FA00036A26E /* ContentVC.swift */; };
		3CE33E852C6B887C0083CE43 /* Extensions.swift in Sources */ = {isa = PBXBuildFile; fileRef = 3CE33E842C6B887C0083CE43 /* Extensions.swift */; };
/* End PBXBuildFile section */

/* Begin PBXFileReference section */
		3C005A692C4FD4A200E38A3C /* SignUpVC.swift */ = {isa = PBXFileReference; lastKnownFileType = sourcecode.swift; path = SignUpVC.swift; sourceTree = "<group>"; };
		3C35F8CA2C6575B900522261 /* Api.swift */ = {isa = PBXFileReference; lastKnownFileType = sourcecode.swift; path = Api.swift; sourceTree = "<group>"; };
		3C35F8CC2C6575E300522261 /* UserApi.swift */ = {isa = PBXFileReference; lastKnownFileType = sourcecode.swift; path = UserApi.swift; sourceTree = "<group>"; };
		3C35F8CE2C657E8200522261 /* StorageService.swift */ = {isa = PBXFileReference; lastKnownFileType = sourcecode.swift; path = StorageService.swift; sourceTree = "<group>"; };
		3C7BDB3C2C4E5EB100082AD8 /* TikTok Clone.app */ = {isa = PBXFileReference; explicitFileType = wrapper.application; includeInIndex = 0; path = "TikTok Clone.app"; sourceTree = BUILT_PRODUCTS_DIR; };
		3C7BDB3F2C4E5EB100082AD8 /* AppDelegate.swift */ = {isa = PBXFileReference; lastKnownFileType = sourcecode.swift; path = AppDelegate.swift; sourceTree = "<group>"; };
		3C7BDB412C4E5EB100082AD8 /* SceneDelegate.swift */ = {isa = PBXFileReference; lastKnownFileType = sourcecode.swift; path = SceneDelegate.swift; sourceTree = "<group>"; };
		3C7BDB432C4E5EB100082AD8 /* RegistrationVC.swift */ = {isa = PBXFileReference; lastKnownFileType = sourcecode.swift; path = RegistrationVC.swift; sourceTree = "<group>"; };
		3C7BDB462C4E5EB100082AD8 /* Base */ = {isa = PBXFileReference; lastKnownFileType = file.storyboard; name = Base; path = Base.lproj/Main.storyboard; sourceTree = "<group>"; };
		3C7BDB482C4E5EB300082AD8 /* Assets.xcassets */ = {isa = PBXFileReference; lastKnownFileType = folder.assetcatalog; path = Assets.xcassets; sourceTree = "<group>"; };
		3C7BDB4B2C4E5EB300082AD8 /* Base */ = {isa = PBXFileReference; lastKnownFileType = file.storyboard; name = Base; path = Base.lproj/LaunchScreen.storyboard; sourceTree = "<group>"; };
		3C7BDB4D2C4E5EB300082AD8 /* Info.plist */ = {isa = PBXFileReference; lastKnownFileType = text.plist.xml; path = Info.plist; sourceTree = "<group>"; };
		3C93E7C82C56EE1F005CE406 /* GoogleService-Info.plist */ = {isa = PBXFileReference; fileEncoding = 4; lastKnownFileType = text.plist.xml; path = "GoogleService-Info.plist"; sourceTree = "<group>"; };
		3C9A13F42C51958300DDDB69 /* SignInVC.swift */ = {isa = PBXFileReference; lastKnownFileType = sourcecode.swift; path = SignInVC.swift; sourceTree = "<group>"; };
		3CD741632C721EF400B0AB38 /* Videos.swift */ = {isa = PBXFileReference; lastKnownFileType = sourcecode.swift; path = Videos.swift; sourceTree = "<group>"; };
		3CDF30062C6A7DC80036A26E /* Reference.swift */ = {isa = PBXFileReference; lastKnownFileType = sourcecode.swift; path = Reference.swift; sourceTree = "<group>"; };
		3CDF30082C6A7F260036A26E /* ProfileVC.swift */ = {isa = PBXFileReference; lastKnownFileType = sourcecode.swift; path = ProfileVC.swift; sourceTree = "<group>"; };
		3CDF300A2C6A8FA00036A26E /* ContentVC.swift */ = {isa = PBXFileReference; lastKnownFileType = sourcecode.swift; path = ContentVC.swift; sourceTree = "<group>"; };
		3CE33E842C6B887C0083CE43 /* Extensions.swift */ = {isa = PBXFileReference; lastKnownFileType = sourcecode.swift; path = Extensions.swift; sourceTree = "<group>"; };
/* End PBXFileReference section */

/* Begin PBXFrameworksBuildPhase section */
		3C7BDB392C4E5EB100082AD8 /* Frameworks */ = {
			isa = PBXFrameworksBuildPhase;
			buildActionMask = 2147483647;
			files = (
				3C93E7DE2C56F038005CE406 /* FirebaseDatabase in Frameworks */,
				3C93E7EC2C56F038005CE406 /* FirebaseFunctionsCombine-Community in Frameworks */,
				3C93E7E42C56F038005CE406 /* FirebaseFirestore in Frameworks */,
				3C93E7D02C56F038005CE406 /* FirebaseAnalyticsSwift in Frameworks */,
				3C93E7CC2C56F038005CE406 /* FirebaseAnalytics in Frameworks */,
				3C93E7CE2C56F038005CE406 /* FirebaseAnalyticsOnDeviceConversion in Frameworks */,
				3C93E7F42C56F038005CE406 /* FirebaseMLModelDownloader in Frameworks */,
				3C93E7E82C56F038005CE406 /* FirebaseFirestoreSwift in Frameworks */,
				3C93E7D42C56F038005CE406 /* FirebaseAppCheck in Frameworks */,
				3C93E7D22C56F038005CE406 /* FirebaseAnalyticsWithoutAdIdSupport in Frameworks */,
				3C93E7D82C56F038005CE406 /* FirebaseAuth in Frameworks */,
				3C93E7DC2C56F038005CE406 /* FirebaseCrashlytics in Frameworks */,
				3C93E7FC2C56F038005CE406 /* FirebaseRemoteConfigSwift in Frameworks */,
				3C93E7EE2C56F038005CE406 /* FirebaseInAppMessaging-Beta in Frameworks */,
				3C93E7E02C56F038005CE406 /* FirebaseDatabaseSwift in Frameworks */,
				3C93E7EA2C56F038005CE406 /* FirebaseFunctions in Frameworks */,
				3C93E8002C56F038005CE406 /* FirebaseStorageCombine-Community in Frameworks */,
				3C93E7FA2C56F038005CE406 /* FirebaseRemoteConfig in Frameworks */,
				3C93E7D62C56F038005CE406 /* FirebaseAppDistribution-Beta in Frameworks */,
				3C93E7DA2C56F038005CE406 /* FirebaseAuthCombine-Community in Frameworks */,
				3C93E7F82C56F038005CE406 /* FirebasePerformance in Frameworks */,
				3C93E7F02C56F038005CE406 /* FirebaseInAppMessagingSwift-Beta in Frameworks */,
				3C93E7FE2C56F038005CE406 /* FirebaseStorage in Frameworks */,
				3C93E7E22C56F038005CE406 /* FirebaseDynamicLinks in Frameworks */,
				3C93E8022C56F038005CE406 /* FirebaseVertexAI-Preview in Frameworks */,
				3C93E7E62C56F038005CE406 /* FirebaseFirestoreCombine-Community in Frameworks */,
				3C93E7F62C56F038005CE406 /* FirebaseMessaging in Frameworks */,
				3C93E7F22C56F038005CE406 /* FirebaseInstallations in Frameworks */,
			);
			runOnlyForDeploymentPostprocessing = 0;
		};
/* End PBXFrameworksBuildPhase section */

/* Begin PBXGroup section */
		3C005A6B2C4FD4B100E38A3C /* Controller */ = {
			isa = PBXGroup;
			children = (
				3C7BDB432C4E5EB100082AD8 /* RegistrationVC.swift */,
				3C005A692C4FD4A200E38A3C /* SignUpVC.swift */,
				3C9A13F42C51958300DDDB69 /* SignInVC.swift */,
				3CDF30082C6A7F260036A26E /* ProfileVC.swift */,
				3CDF300A2C6A8FA00036A26E /* ContentVC.swift */,
				3CD741632C721EF400B0AB38 /* Videos.swift */,
			);
			path = Controller;
			sourceTree = "<group>";
		};
		3C7BDB332C4E5EB100082AD8 = {
			isa = PBXGroup;
			children = (
				3C7BDB3E2C4E5EB100082AD8 /* TikTok Clone */,
				3C7BDB3D2C4E5EB100082AD8 /* Products */,
			);
			sourceTree = "<group>";
		};
		3C7BDB3D2C4E5EB100082AD8 /* Products */ = {
			isa = PBXGroup;
			children = (
				3C7BDB3C2C4E5EB100082AD8 /* TikTok Clone.app */,
			);
			name = Products;
			sourceTree = "<group>";
		};
		3C7BDB3E2C4E5EB100082AD8 /* TikTok Clone */ = {
			isa = PBXGroup;
			children = (
				3C7BDB452C4E5EB100082AD8 /* Main.storyboard */,
				3C7BDB3F2C4E5EB100082AD8 /* AppDelegate.swift */,
				3C7BDB412C4E5EB100082AD8 /* SceneDelegate.swift */,
				3C7BDB4A2C4E5EB300082AD8 /* LaunchScreen.storyboard */,
				3C7BDB482C4E5EB300082AD8 /* Assets.xcassets */,
				3C7BDB4D2C4E5EB300082AD8 /* Info.plist */,
				3C93E7C82C56EE1F005CE406 /* GoogleService-Info.plist */,
				3CE33E832C6B886F0083CE43 /* Helpers */,
				3C9A82F42C6D0BFC00A3BF5B /* Service */,
				3C9A82F82C6D0F8300A3BF5B /* Model */,
				3C005A6B2C4FD4B100E38A3C /* Controller */,
			);
			path = "TikTok Clone";
			sourceTree = "<group>";
		};
		3C9A82F42C6D0BFC00A3BF5B /* Service */ = {
			isa = PBXGroup;
			children = (
				3C35F8CE2C657E8200522261 /* StorageService.swift */,
				3C35F8CA2C6575B900522261 /* Api.swift */,
				3C35F8CC2C6575E300522261 /* UserApi.swift */,
			);
			path = Service;
			sourceTree = "<group>";
		};
		3C9A82F82C6D0F8300A3BF5B /* Model */ = {
			isa = PBXGroup;
			children = (
				3CDF30062C6A7DC80036A26E /* Reference.swift */,
			);
			path = Model;
			sourceTree = "<group>";
		};
		3CE33E832C6B886F0083CE43 /* Helpers */ = {
			isa = PBXGroup;
			children = (
				3CE33E842C6B887C0083CE43 /* Extensions.swift */,
			);
			path = Helpers;
			sourceTree = "<group>";
		};
/* End PBXGroup section */

/* Begin PBXNativeTarget section */
		3C7BDB3B2C4E5EB100082AD8 /* TikTok Clone */ = {
			isa = PBXNativeTarget;
			buildConfigurationList = 3C7BDB502C4E5EB300082AD8 /* Build configuration list for PBXNativeTarget "TikTok Clone" */;
			buildPhases = (
				3C7BDB382C4E5EB100082AD8 /* Sources */,
				3C7BDB392C4E5EB100082AD8 /* Frameworks */,
				3C7BDB3A2C4E5EB100082AD8 /* Resources */,
			);
			buildRules = (
			);
			dependencies = (
			);
			name = "TikTok Clone";
			packageProductDependencies = (
				3C93E7CB2C56F038005CE406 /* FirebaseAnalytics */,
				3C93E7CD2C56F038005CE406 /* FirebaseAnalyticsOnDeviceConversion */,
				3C93E7CF2C56F038005CE406 /* FirebaseAnalyticsSwift */,
				3C93E7D12C56F038005CE406 /* FirebaseAnalyticsWithoutAdIdSupport */,
				3C93E7D32C56F038005CE406 /* FirebaseAppCheck */,
				3C93E7D52C56F038005CE406 /* FirebaseAppDistribution-Beta */,
				3C93E7D72C56F038005CE406 /* FirebaseAuth */,
				3C93E7D92C56F038005CE406 /* FirebaseAuthCombine-Community */,
				3C93E7DB2C56F038005CE406 /* FirebaseCrashlytics */,
				3C93E7DD2C56F038005CE406 /* FirebaseDatabase */,
				3C93E7DF2C56F038005CE406 /* FirebaseDatabaseSwift */,
				3C93E7E12C56F038005CE406 /* FirebaseDynamicLinks */,
				3C93E7E32C56F038005CE406 /* FirebaseFirestore */,
				3C93E7E52C56F038005CE406 /* FirebaseFirestoreCombine-Community */,
				3C93E7E72C56F038005CE406 /* FirebaseFirestoreSwift */,
				3C93E7E92C56F038005CE406 /* FirebaseFunctions */,
				3C93E7EB2C56F038005CE406 /* FirebaseFunctionsCombine-Community */,
				3C93E7ED2C56F038005CE406 /* FirebaseInAppMessaging-Beta */,
				3C93E7EF2C56F038005CE406 /* FirebaseInAppMessagingSwift-Beta */,
				3C93E7F12C56F038005CE406 /* FirebaseInstallations */,
				3C93E7F32C56F038005CE406 /* FirebaseMLModelDownloader */,
				3C93E7F52C56F038005CE406 /* FirebaseMessaging */,
				3C93E7F72C56F038005CE406 /* FirebasePerformance */,
				3C93E7F92C56F038005CE406 /* FirebaseRemoteConfig */,
				3C93E7FB2C56F038005CE406 /* FirebaseRemoteConfigSwift */,
				3C93E7FD2C56F038005CE406 /* FirebaseStorage */,
				3C93E7FF2C56F038005CE406 /* FirebaseStorageCombine-Community */,
				3C93E8012C56F038005CE406 /* FirebaseVertexAI-Preview */,
			);
			productName = "TikTok Clone";
			productReference = 3C7BDB3C2C4E5EB100082AD8 /* TikTok Clone.app */;
			productType = "com.apple.product-type.application";
		};
/* End PBXNativeTarget section */

/* Begin PBXProject section */
		3C7BDB342C4E5EB100082AD8 /* Project object */ = {
			isa = PBXProject;
			attributes = {
				BuildIndependentTargetsInParallel = 1;
				LastSwiftUpdateCheck = 1520;
				LastUpgradeCheck = 1520;
				TargetAttributes = {
					3C7BDB3B2C4E5EB100082AD8 = {
						CreatedOnToolsVersion = 15.2;
					};
				};
			};
			buildConfigurationList = 3C7BDB372C4E5EB100082AD8 /* Build configuration list for PBXProject "TikTok Clone" */;
			compatibilityVersion = "Xcode 14.0";
			developmentRegion = en;
			hasScannedForEncodings = 0;
			knownRegions = (
				en,
				Base,
			);
			mainGroup = 3C7BDB332C4E5EB100082AD8;
			packageReferences = (
				3C93E7CA2C56F038005CE406 /* XCRemoteSwiftPackageReference "firebase-ios-sdk" */,
			);
			productRefGroup = 3C7BDB3D2C4E5EB100082AD8 /* Products */;
			projectDirPath = "";
			projectRoot = "";
			targets = (
				3C7BDB3B2C4E5EB100082AD8 /* TikTok Clone */,
			);
		};
/* End PBXProject section */

/* Begin PBXResourcesBuildPhase section */
		3C7BDB3A2C4E5EB100082AD8 /* Resources */ = {
			isa = PBXResourcesBuildPhase;
			buildActionMask = 2147483647;
			files = (
				3C7BDB4C2C4E5EB300082AD8 /* LaunchScreen.storyboard in Resources */,
				3C93E7C92C56EE1F005CE406 /* GoogleService-Info.plist in Resources */,
				3C7BDB492C4E5EB300082AD8 /* Assets.xcassets in Resources */,
				3C7BDB472C4E5EB100082AD8 /* Main.storyboard in Resources */,
			);
			runOnlyForDeploymentPostprocessing = 0;
		};
/* End PBXResourcesBuildPhase section */

/* Begin PBXSourcesBuildPhase section */
		3C7BDB382C4E5EB100082AD8 /* Sources */ = {
			isa = PBXSourcesBuildPhase;
			buildActionMask = 2147483647;
			files = (
				3CDF30092C6A7F260036A26E /* ProfileVC.swift in Sources */,
				3C35F8CB2C6575B900522261 /* Api.swift in Sources */,
				3C005A6A2C4FD4A200E38A3C /* SignUpVC.swift in Sources */,
				3C7BDB442C4E5EB100082AD8 /* RegistrationVC.swift in Sources */,
				3C7BDB402C4E5EB100082AD8 /* AppDelegate.swift in Sources */,
				3C7BDB422C4E5EB100082AD8 /* SceneDelegate.swift in Sources */,
				3C35F8CF2C657E8200522261 /* StorageService.swift in Sources */,
				3CE33E852C6B887C0083CE43 /* Extensions.swift in Sources */,
				3CDF300B2C6A8FA00036A26E /* ContentVC.swift in Sources */,
				3CDF30072C6A7DC80036A26E /* Reference.swift in Sources */,
				3CD741642C721EF400B0AB38 /* Videos.swift in Sources */,
				3C35F8CD2C6575E300522261 /* UserApi.swift in Sources */,
				3C9A13F52C51958300DDDB69 /* SignInVC.swift in Sources */,
			);
			runOnlyForDeploymentPostprocessing = 0;
		};
/* End PBXSourcesBuildPhase section */

/* Begin PBXVariantGroup section */
		3C7BDB452C4E5EB100082AD8 /* Main.storyboard */ = {
			isa = PBXVariantGroup;
			children = (
				3C7BDB462C4E5EB100082AD8 /* Base */,
			);
			name = Main.storyboard;
			sourceTree = "<group>";
		};
		3C7BDB4A2C4E5EB300082AD8 /* LaunchScreen.storyboard */ = {
			isa = PBXVariantGroup;
			children = (
				3C7BDB4B2C4E5EB300082AD8 /* Base */,
			);
			name = LaunchScreen.storyboard;
			sourceTree = "<group>";
		};
/* End PBXVariantGroup section */

/* Begin XCBuildConfiguration section */
		3C7BDB4E2C4E5EB300082AD8 /* Debug */ = {
			isa = XCBuildConfiguration;
			buildSettings = {
				ALWAYS_SEARCH_USER_PATHS = NO;
				ASSETCATALOG_COMPILER_GENERATE_SWIFT_ASSET_SYMBOL_EXTENSIONS = YES;
				CLANG_ANALYZER_NONNULL = YES;
				CLANG_ANALYZER_NUMBER_OBJECT_CONVERSION = YES_AGGRESSIVE;
				CLANG_CXX_LANGUAGE_STANDARD = "gnu++20";
				CLANG_ENABLE_MODULES = YES;
				CLANG_ENABLE_OBJC_ARC = YES;
				CLANG_ENABLE_OBJC_WEAK = YES;
				CLANG_WARN_BLOCK_CAPTURE_AUTORELEASING = YES;
				CLANG_WARN_BOOL_CONVERSION = YES;
				CLANG_WARN_COMMA = YES;
				CLANG_WARN_CONSTANT_CONVERSION = YES;
				CLANG_WARN_DEPRECATED_OBJC_IMPLEMENTATIONS = YES;
				CLANG_WARN_DIRECT_OBJC_ISA_USAGE = YES_ERROR;
				CLANG_WARN_DOCUMENTATION_COMMENTS = YES;
				CLANG_WARN_EMPTY_BODY = YES;
				CLANG_WARN_ENUM_CONVERSION = YES;
				CLANG_WARN_INFINITE_RECURSION = YES;
				CLANG_WARN_INT_CONVERSION = YES;
				CLANG_WARN_NON_LITERAL_NULL_CONVERSION = YES;
				CLANG_WARN_OBJC_IMPLICIT_RETAIN_SELF = YES;
				CLANG_WARN_OBJC_LITERAL_CONVERSION = YES;
				CLANG_WARN_OBJC_ROOT_CLASS = YES_ERROR;
				CLANG_WARN_QUOTED_INCLUDE_IN_FRAMEWORK_HEADER = YES;
				CLANG_WARN_RANGE_LOOP_ANALYSIS = YES;
				CLANG_WARN_STRICT_PROTOTYPES = YES;
				CLANG_WARN_SUSPICIOUS_MOVE = YES;
				CLANG_WARN_UNGUARDED_AVAILABILITY = YES_AGGRESSIVE;
				CLANG_WARN_UNREACHABLE_CODE = YES;
				CLANG_WARN__DUPLICATE_METHOD_MATCH = YES;
				COPY_PHASE_STRIP = NO;
				DEBUG_INFORMATION_FORMAT = dwarf;
				ENABLE_STRICT_OBJC_MSGSEND = YES;
				ENABLE_TESTABILITY = YES;
				ENABLE_USER_SCRIPT_SANDBOXING = YES;
				GCC_C_LANGUAGE_STANDARD = gnu17;
				GCC_DYNAMIC_NO_PIC = NO;
				GCC_NO_COMMON_BLOCKS = YES;
				GCC_OPTIMIZATION_LEVEL = 0;
				GCC_PREPROCESSOR_DEFINITIONS = (
					"DEBUG=1",
					"$(inherited)",
				);
				GCC_WARN_64_TO_32_BIT_CONVERSION = YES;
				GCC_WARN_ABOUT_RETURN_TYPE = YES_ERROR;
				GCC_WARN_UNDECLARED_SELECTOR = YES;
				GCC_WARN_UNINITIALIZED_AUTOS = YES_AGGRESSIVE;
				GCC_WARN_UNUSED_FUNCTION = YES;
				GCC_WARN_UNUSED_VARIABLE = YES;
				IPHONEOS_DEPLOYMENT_TARGET = 17.2;
				LOCALIZATION_PREFERS_STRING_CATALOGS = YES;
				MTL_ENABLE_DEBUG_INFO = INCLUDE_SOURCE;
				MTL_FAST_MATH = YES;
				ONLY_ACTIVE_ARCH = YES;
				SDKROOT = iphoneos;
				SWIFT_ACTIVE_COMPILATION_CONDITIONS = "DEBUG $(inherited)";
				SWIFT_OPTIMIZATION_LEVEL = "-Onone";
			};
			name = Debug;
		};
		3C7BDB4F2C4E5EB300082AD8 /* Release */ = {
			isa = XCBuildConfiguration;
			buildSettings = {
				ALWAYS_SEARCH_USER_PATHS = NO;
				ASSETCATALOG_COMPILER_GENERATE_SWIFT_ASSET_SYMBOL_EXTENSIONS = YES;
				CLANG_ANALYZER_NONNULL = YES;
				CLANG_ANALYZER_NUMBER_OBJECT_CONVERSION = YES_AGGRESSIVE;
				CLANG_CXX_LANGUAGE_STANDARD = "gnu++20";
				CLANG_ENABLE_MODULES = YES;
				CLANG_ENABLE_OBJC_ARC = YES;
				CLANG_ENABLE_OBJC_WEAK = YES;
				CLANG_WARN_BLOCK_CAPTURE_AUTORELEASING = YES;
				CLANG_WARN_BOOL_CONVERSION = YES;
				CLANG_WARN_COMMA = YES;
				CLANG_WARN_CONSTANT_CONVERSION = YES;
				CLANG_WARN_DEPRECATED_OBJC_IMPLEMENTATIONS = YES;
				CLANG_WARN_DIRECT_OBJC_ISA_USAGE = YES_ERROR;
				CLANG_WARN_DOCUMENTATION_COMMENTS = YES;
				CLANG_WARN_EMPTY_BODY = YES;
				CLANG_WARN_ENUM_CONVERSION = YES;
				CLANG_WARN_INFINITE_RECURSION = YES;
				CLANG_WARN_INT_CONVERSION = YES;
				CLANG_WARN_NON_LITERAL_NULL_CONVERSION = YES;
				CLANG_WARN_OBJC_IMPLICIT_RETAIN_SELF = YES;
				CLANG_WARN_OBJC_LITERAL_CONVERSION = YES;
				CLANG_WARN_OBJC_ROOT_CLASS = YES_ERROR;
				CLANG_WARN_QUOTED_INCLUDE_IN_FRAMEWORK_HEADER = YES;
				CLANG_WARN_RANGE_LOOP_ANALYSIS = YES;
				CLANG_WARN_STRICT_PROTOTYPES = YES;
				CLANG_WARN_SUSPICIOUS_MOVE = YES;
				CLANG_WARN_UNGUARDED_AVAILABILITY = YES_AGGRESSIVE;
				CLANG_WARN_UNREACHABLE_CODE = YES;
				CLANG_WARN__DUPLICATE_METHOD_MATCH = YES;
				COPY_PHASE_STRIP = NO;
				DEBUG_INFORMATION_FORMAT = "dwarf-with-dsym";
				ENABLE_NS_ASSERTIONS = NO;
				ENABLE_STRICT_OBJC_MSGSEND = YES;
				ENABLE_USER_SCRIPT_SANDBOXING = YES;
				GCC_C_LANGUAGE_STANDARD = gnu17;
				GCC_NO_COMMON_BLOCKS = YES;
				GCC_WARN_64_TO_32_BIT_CONVERSION = YES;
				GCC_WARN_ABOUT_RETURN_TYPE = YES_ERROR;
				GCC_WARN_UNDECLARED_SELECTOR = YES;
				GCC_WARN_UNINITIALIZED_AUTOS = YES_AGGRESSIVE;
				GCC_WARN_UNUSED_FUNCTION = YES;
				GCC_WARN_UNUSED_VARIABLE = YES;
				IPHONEOS_DEPLOYMENT_TARGET = 17.2;
				LOCALIZATION_PREFERS_STRING_CATALOGS = YES;
				MTL_ENABLE_DEBUG_INFO = NO;
				MTL_FAST_MATH = YES;
				SDKROOT = iphoneos;
				SWIFT_COMPILATION_MODE = wholemodule;
				VALIDATE_PRODUCT = YES;
			};
			name = Release;
		};
		3C7BDB512C4E5EB300082AD8 /* Debug */ = {
			isa = XCBuildConfiguration;
			buildSettings = {
				ASSETCATALOG_COMPILER_APPICON_NAME = AppIcon;
				ASSETCATALOG_COMPILER_GLOBAL_ACCENT_COLOR_NAME = AccentColor;
				CODE_SIGN_STYLE = Automatic;
				CURRENT_PROJECT_VERSION = 1;
				DEVELOPMENT_TEAM = PYS8QL65F7;
				GENERATE_INFOPLIST_FILE = YES;
				INFOPLIST_FILE = "TikTok Clone/Info.plist";
				INFOPLIST_KEY_UIApplicationSupportsIndirectInputEvents = YES;
				INFOPLIST_KEY_UILaunchStoryboardName = LaunchScreen;
				INFOPLIST_KEY_UIMainStoryboardFile = Main;
				INFOPLIST_KEY_UISupportedInterfaceOrientations_iPad = "UIInterfaceOrientationPortrait UIInterfaceOrientationPortraitUpsideDown UIInterfaceOrientationLandscapeLeft UIInterfaceOrientationLandscapeRight";
				INFOPLIST_KEY_UISupportedInterfaceOrientations_iPhone = "UIInterfaceOrientationPortrait UIInterfaceOrientationLandscapeLeft UIInterfaceOrientationLandscapeRight";
				LD_RUNPATH_SEARCH_PATHS = (
					"$(inherited)",
					"@executable_path/Frameworks",
				);
				MARKETING_VERSION = 1.0;
				PRODUCT_BUNDLE_IDENTIFIER = "com.azimgunes.TikTok-Clone";
				PRODUCT_NAME = "$(TARGET_NAME)";
				SWIFT_EMIT_LOC_STRINGS = YES;
				SWIFT_VERSION = 5.0;
				TARGETED_DEVICE_FAMILY = "1,2";
			};
			name = Debug;
		};
		3C7BDB522C4E5EB300082AD8 /* Release */ = {
			isa = XCBuildConfiguration;
			buildSettings = {
				ASSETCATALOG_COMPILER_APPICON_NAME = AppIcon;
				ASSETCATALOG_COMPILER_GLOBAL_ACCENT_COLOR_NAME = AccentColor;
				CODE_SIGN_STYLE = Automatic;
				CURRENT_PROJECT_VERSION = 1;
				DEVELOPMENT_TEAM = PYS8QL65F7;
				GENERATE_INFOPLIST_FILE = YES;
				INFOPLIST_FILE = "TikTok Clone/Info.plist";
				INFOPLIST_KEY_UIApplicationSupportsIndirectInputEvents = YES;
				INFOPLIST_KEY_UILaunchStoryboardName = LaunchScreen;
				INFOPLIST_KEY_UIMainStoryboardFile = Main;
				INFOPLIST_KEY_UISupportedInterfaceOrientations_iPad = "UIInterfaceOrientationPortrait UIInterfaceOrientationPortraitUpsideDown UIInterfaceOrientationLandscapeLeft UIInterfaceOrientationLandscapeRight";
				INFOPLIST_KEY_UISupportedInterfaceOrientations_iPhone = "UIInterfaceOrientationPortrait UIInterfaceOrientationLandscapeLeft UIInterfaceOrientationLandscapeRight";
				LD_RUNPATH_SEARCH_PATHS = (
					"$(inherited)",
					"@executable_path/Frameworks",
				);
				MARKETING_VERSION = 1.0;
				PRODUCT_BUNDLE_IDENTIFIER = "com.azimgunes.TikTok-Clone";
				PRODUCT_NAME = "$(TARGET_NAME)";
				SWIFT_EMIT_LOC_STRINGS = YES;
				SWIFT_VERSION = 5.0;
				TARGETED_DEVICE_FAMILY = "1,2";
			};
			name = Release;
		};
/* End XCBuildConfiguration section */

/* Begin XCConfigurationList section */
		3C7BDB372C4E5EB100082AD8 /* Build configuration list for PBXProject "TikTok Clone" */ = {
			isa = XCConfigurationList;
			buildConfigurations = (
				3C7BDB4E2C4E5EB300082AD8 /* Debug */,
				3C7BDB4F2C4E5EB300082AD8 /* Release */,
			);
			defaultConfigurationIsVisible = 0;
			defaultConfigurationName = Release;
		};
		3C7BDB502C4E5EB300082AD8 /* Build configuration list for PBXNativeTarget "TikTok Clone" */ = {
			isa = XCConfigurationList;
			buildConfigurations = (
				3C7BDB512C4E5EB300082AD8 /* Debug */,
				3C7BDB522C4E5EB300082AD8 /* Release */,
			);
			defaultConfigurationIsVisible = 0;
			defaultConfigurationName = Release;
		};
/* End XCConfigurationList section */

/* Begin XCRemoteSwiftPackageReference section */
		3C93E7CA2C56F038005CE406 /* XCRemoteSwiftPackageReference "firebase-ios-sdk" */ = {
			isa = XCRemoteSwiftPackageReference;
			repositoryURL = "https://github.com/firebase/firebase-ios-sdk";
			requirement = {
				kind = upToNextMajorVersion;
				minimumVersion = 10.29.0;
			};
		};
/* End XCRemoteSwiftPackageReference section */

/* Begin XCSwiftPackageProductDependency section */
		3C93E7CB2C56F038005CE406 /* FirebaseAnalytics */ = {
			isa = XCSwiftPackageProductDependency;
			package = 3C93E7CA2C56F038005CE406 /* XCRemoteSwiftPackageReference "firebase-ios-sdk" */;
			productName = FirebaseAnalytics;
		};
		3C93E7CD2C56F038005CE406 /* FirebaseAnalyticsOnDeviceConversion */ = {
			isa = XCSwiftPackageProductDependency;
			package = 3C93E7CA2C56F038005CE406 /* XCRemoteSwiftPackageReference "firebase-ios-sdk" */;
			productName = FirebaseAnalyticsOnDeviceConversion;
		};
		3C93E7CF2C56F038005CE406 /* FirebaseAnalyticsSwift */ = {
			isa = XCSwiftPackageProductDependency;
			package = 3C93E7CA2C56F038005CE406 /* XCRemoteSwiftPackageReference "firebase-ios-sdk" */;
			productName = FirebaseAnalyticsSwift;
		};
		3C93E7D12C56F038005CE406 /* FirebaseAnalyticsWithoutAdIdSupport */ = {
			isa = XCSwiftPackageProductDependency;
			package = 3C93E7CA2C56F038005CE406 /* XCRemoteSwiftPackageReference "firebase-ios-sdk" */;
			productName = FirebaseAnalyticsWithoutAdIdSupport;
		};
		3C93E7D32C56F038005CE406 /* FirebaseAppCheck */ = {
			isa = XCSwiftPackageProductDependency;
			package = 3C93E7CA2C56F038005CE406 /* XCRemoteSwiftPackageReference "firebase-ios-sdk" */;
			productName = FirebaseAppCheck;
		};
		3C93E7D52C56F038005CE406 /* FirebaseAppDistribution-Beta */ = {
			isa = XCSwiftPackageProductDependency;
			package = 3C93E7CA2C56F038005CE406 /* XCRemoteSwiftPackageReference "firebase-ios-sdk" */;
			productName = "FirebaseAppDistribution-Beta";
		};
		3C93E7D72C56F038005CE406 /* FirebaseAuth */ = {
			isa = XCSwiftPackageProductDependency;
			package = 3C93E7CA2C56F038005CE406 /* XCRemoteSwiftPackageReference "firebase-ios-sdk" */;
			productName = FirebaseAuth;
		};
		3C93E7D92C56F038005CE406 /* FirebaseAuthCombine-Community */ = {
			isa = XCSwiftPackageProductDependency;
			package = 3C93E7CA2C56F038005CE406 /* XCRemoteSwiftPackageReference "firebase-ios-sdk" */;
			productName = "FirebaseAuthCombine-Community";
		};
		3C93E7DB2C56F038005CE406 /* FirebaseCrashlytics */ = {
			isa = XCSwiftPackageProductDependency;
			package = 3C93E7CA2C56F038005CE406 /* XCRemoteSwiftPackageReference "firebase-ios-sdk" */;
			productName = FirebaseCrashlytics;
		};
		3C93E7DD2C56F038005CE406 /* FirebaseDatabase */ = {
			isa = XCSwiftPackageProductDependency;
			package = 3C93E7CA2C56F038005CE406 /* XCRemoteSwiftPackageReference "firebase-ios-sdk" */;
			productName = FirebaseDatabase;
		};
		3C93E7DF2C56F038005CE406 /* FirebaseDatabaseSwift */ = {
			isa = XCSwiftPackageProductDependency;
			package = 3C93E7CA2C56F038005CE406 /* XCRemoteSwiftPackageReference "firebase-ios-sdk" */;
			productName = FirebaseDatabaseSwift;
		};
		3C93E7E12C56F038005CE406 /* FirebaseDynamicLinks */ = {
			isa = XCSwiftPackageProductDependency;
			package = 3C93E7CA2C56F038005CE406 /* XCRemoteSwiftPackageReference "firebase-ios-sdk" */;
			productName = FirebaseDynamicLinks;
		};
		3C93E7E32C56F038005CE406 /* FirebaseFirestore */ = {
			isa = XCSwiftPackageProductDependency;
			package = 3C93E7CA2C56F038005CE406 /* XCRemoteSwiftPackageReference "firebase-ios-sdk" */;
			productName = FirebaseFirestore;
		};
		3C93E7E52C56F038005CE406 /* FirebaseFirestoreCombine-Community */ = {
			isa = XCSwiftPackageProductDependency;
			package = 3C93E7CA2C56F038005CE406 /* XCRemoteSwiftPackageReference "firebase-ios-sdk" */;
			productName = "FirebaseFirestoreCombine-Community";
		};
		3C93E7E72C56F038005CE406 /* FirebaseFirestoreSwift */ = {
			isa = XCSwiftPackageProductDependency;
			package = 3C93E7CA2C56F038005CE406 /* XCRemoteSwiftPackageReference "firebase-ios-sdk" */;
			productName = FirebaseFirestoreSwift;
		};
		3C93E7E92C56F038005CE406 /* FirebaseFunctions */ = {
			isa = XCSwiftPackageProductDependency;
			package = 3C93E7CA2C56F038005CE406 /* XCRemoteSwiftPackageReference "firebase-ios-sdk" */;
			productName = FirebaseFunctions;
		};
		3C93E7EB2C56F038005CE406 /* FirebaseFunctionsCombine-Community */ = {
			isa = XCSwiftPackageProductDependency;
			package = 3C93E7CA2C56F038005CE406 /* XCRemoteSwiftPackageReference "firebase-ios-sdk" */;
			productName = "FirebaseFunctionsCombine-Community";
		};
		3C93E7ED2C56F038005CE406 /* FirebaseInAppMessaging-Beta */ = {
			isa = XCSwiftPackageProductDependency;
			package = 3C93E7CA2C56F038005CE406 /* XCRemoteSwiftPackageReference "firebase-ios-sdk" */;
			productName = "FirebaseInAppMessaging-Beta";
		};
		3C93E7EF2C56F038005CE406 /* FirebaseInAppMessagingSwift-Beta */ = {
			isa = XCSwiftPackageProductDependency;
			package = 3C93E7CA2C56F038005CE406 /* XCRemoteSwiftPackageReference "firebase-ios-sdk" */;
			productName = "FirebaseInAppMessagingSwift-Beta";
		};
		3C93E7F12C56F038005CE406 /* FirebaseInstallations */ = {
			isa = XCSwiftPackageProductDependency;
			package = 3C93E7CA2C56F038005CE406 /* XCRemoteSwiftPackageReference "firebase-ios-sdk" */;
			productName = FirebaseInstallations;
		};
		3C93E7F32C56F038005CE406 /* FirebaseMLModelDownloader */ = {
			isa = XCSwiftPackageProductDependency;
			package = 3C93E7CA2C56F038005CE406 /* XCRemoteSwiftPackageReference "firebase-ios-sdk" */;
			productName = FirebaseMLModelDownloader;
		};
		3C93E7F52C56F038005CE406 /* FirebaseMessaging */ = {
			isa = XCSwiftPackageProductDependency;
			package = 3C93E7CA2C56F038005CE406 /* XCRemoteSwiftPackageReference "firebase-ios-sdk" */;
			productName = FirebaseMessaging;
		};
		3C93E7F72C56F038005CE406 /* FirebasePerformance */ = {
			isa = XCSwiftPackageProductDependency;
			package = 3C93E7CA2C56F038005CE406 /* XCRemoteSwiftPackageReference "firebase-ios-sdk" */;
			productName = FirebasePerformance;
		};
		3C93E7F92C56F038005CE406 /* FirebaseRemoteConfig */ = {
			isa = XCSwiftPackageProductDependency;
			package = 3C93E7CA2C56F038005CE406 /* XCRemoteSwiftPackageReference "firebase-ios-sdk" */;
			productName = FirebaseRemoteConfig;
		};
		3C93E7FB2C56F038005CE406 /* FirebaseRemoteConfigSwift */ = {
			isa = XCSwiftPackageProductDependency;
			package = 3C93E7CA2C56F038005CE406 /* XCRemoteSwiftPackageReference "firebase-ios-sdk" */;
			productName = FirebaseRemoteConfigSwift;
		};
		3C93E7FD2C56F038005CE406 /* FirebaseStorage */ = {
			isa = XCSwiftPackageProductDependency;
			package = 3C93E7CA2C56F038005CE406 /* XCRemoteSwiftPackageReference "firebase-ios-sdk" */;
			productName = FirebaseStorage;
		};
		3C93E7FF2C56F038005CE406 /* FirebaseStorageCombine-Community */ = {
			isa = XCSwiftPackageProductDependency;
			package = 3C93E7CA2C56F038005CE406 /* XCRemoteSwiftPackageReference "firebase-ios-sdk" */;
			productName = "FirebaseStorageCombine-Community";
		};
		3C93E8012C56F038005CE406 /* FirebaseVertexAI-Preview */ = {
			isa = XCSwiftPackageProductDependency;
			package = 3C93E7CA2C56F038005CE406 /* XCRemoteSwiftPackageReference "firebase-ios-sdk" */;
			productName = "FirebaseVertexAI-Preview";
		};
/* End XCSwiftPackageProductDependency section */
	};
	rootObject = 3C7BDB342C4E5EB100082AD8 /* Project object */;
}
